
Microsoft Visual Studio Solution File, Format Version 11.00
# Visual Studio 2010
Project("{FAE04EC0-301F-11D3-BF4B-00C04F79EFBC}") = "Geo", "Geo\Geo.csproj", "{458210AA-6A54-4FB5-A861-07B550499ADC}"
EndProject
Global
	GlobalSection(SolutionConfigurationPlatforms) = preSolution
		Debug|Any CPU = Debug|Any CPU
		Release|Any CPU = Release|Any CPU
	EndGlobalSection
	GlobalSection(ProjectConfigurationPlatforms) = postSolution
		{458210AA-6A54-4FB5-A861-07B550499ADC}.Debug|Any CPU.ActiveCfg = Debug|Any CPU
		{458210AA-6A54-4FB5-A861-07B550499ADC}.Debug|Any CPU.Build.0 = Debug|Any CPU
		{458210AA-6A54-4FB5-A861-07B550499ADC}.Release|Any CPU.ActiveCfg = Release|Any CPU
		{458210AA-6A54-4FB5-A861-07B550499ADC}.Release|Any CPU.Build.0 = Release|Any CPU
	EndGlobalSection
	GlobalSection(SolutionProperties) = preSolution
		HideSolutionNode = FALSE
	EndGlobalSection
EndGlobal
